
Microsoft Visual Studio Solution File, Format Version 12.00
# Visual Studio 15
VisualStudioVersion = 15.0.27130.2027
MinimumVisualStudioVersion = 10.0.40219.1
Project("{FAE04EC0-301F-11D3-BF4B-00C04F79EFBC}") = "WindowsFormsApp1", "WindowsFormsApp1\WindowsFormsApp1.csproj", "{682572BC-CA94-4E43-8298-FB3F1F629144}"
EndProject
Global
	GlobalSection(SolutionConfigurationPlatforms) = preSolution
		Debug|Any CPU = Debug|Any CPU
		Release|Any CPU = Release|Any CPU
	EndGlobalSection
	GlobalSection(ProjectConfigurationPlatforms) = postSolution
		{682572BC-CA94-4E43-8298-FB3F1F629144}.Debug|Any CPU.ActiveCfg = Debug|Any CPU
		{682572BC-CA94-4E43-8298-FB3F1F629144}.Debug|Any CPU.Build.0 = Debug|Any CPU
		{682572BC-CA94-4E43-8298-FB3F1F629144}.Release|Any CPU.ActiveCfg = Release|Any CPU
		{682572BC-CA94-4E43-8298-FB3F1F629144}.Release|Any CPU.Build.0 = Release|Any CPU
	EndGlobalSection
	GlobalSection(SolutionProperties) = preSolution
		HideSolutionNode = FALSE
	EndGlobalSection
	GlobalSection(ExtensibilityGlobals) = postSolution
		SolutionGuid = {3D74ECEE-9689-4C04-AD3A-F2CB6EEA5966}
	EndGlobalSection
EndGlobal
